{
  "name": "Inrupt-solid-common-vocab",
  "lockfileVersion": 2,
  "requires": true,
  "packages": {
    "": {
      "dependencies": {
        "@inrupt/solid-common-vocab": "^0.5.3"
      }
    },
    "node_modules/@inrupt/solid-common-vocab": {
      "version": "0.5.3",
      "resolved": "https://registry.npmjs.org/@inrupt/solid-common-vocab/-/solid-common-vocab-0.5.3.tgz",
      "integrity": "sha512-/BKKIInQaP/D6tCFOvViN2Duv2RLAbXCNpQUtQjkz3t6cbmxPBTwGuvwDLan7R+yLJhbiJmJP4yNYEw/5Zc+Rg==",
      "dependencies": {
        "@types/rdf-js": "4.0.0"
      }
    },
    "node_modules/@types/node": {
      "version": "14.14.37",
      "resolved": "https://registry.npmjs.org/@types/node/-/node-14.14.37.tgz",
      "integrity": "sha512-XYmBiy+ohOR4Lh5jE379fV2IU+6Jn4g5qASinhitfyO71b/sCo6MKsMLF5tc7Zf2CE8hViVQyYSobJNke8OvUw=="
    },
    "node_modules/@types/rdf-js": {
      "version": "4.0.0",
      "resolved": "https://registry.npmjs.org/@types/rdf-js/-/rdf-js-4.0.0.tgz",
      "integrity": "sha512-2uaR7ks0380MqzUWGOPOOk9yZIr/6MOaCcaj3ntKgd2PqNocgi8j5kSHIJTDe+5ABtTHqKMSE0v0UqrsT8ibgQ==",
      "dependencies": {
        "@types/node": "*"
      }
    }
  },
  "dependencies": {
    "@inrupt/solid-common-vocab": {
      "version": "0.5.3",
      "resolved": "https://registry.npmjs.org/@inrupt/solid-common-vocab/-/solid-common-vocab-0.5.3.tgz",
      "integrity": "sha512-/BKKIInQaP/D6tCFOvViN2Duv2RLAbXCNpQUtQjkz3t6cbmxPBTwGuvwDLan7R+yLJhbiJmJP4yNYEw/5Zc+Rg==",
      "requires": {
        "@types/rdf-js": "4.0.0"
      }
    },
    "@types/node": {
      "version": "14.14.37",
      "resolved": "https://registry.npmjs.org/@types/node/-/node-14.14.37.tgz",
      "integrity": "sha512-XYmBiy+ohOR4Lh5jE379fV2IU+6Jn4g5qASinhitfyO71b/sCo6MKsMLF5tc7Zf2CE8hViVQyYSobJNke8OvUw=="
    },
    "@types/rdf-js": {
      "version": "4.0.0",
      "resolved": "https://registry.npmjs.org/@types/rdf-js/-/rdf-js-4.0.0.tgz",
      "integrity": "sha512-2uaR7ks0380MqzUWGOPOOk9yZIr/6MOaCcaj3ntKgd2PqNocgi8j5kSHIJTDe+5ABtTHqKMSE0v0UqrsT8ibgQ==",
      "requires": {
        "@types/node": "*"
      }
    }
  }
}
